
Microsoft Visual Studio Solution File, Format Version 12.00
# Visual Studio Version 16
VisualStudioVersion = 16.0.30104.148
MinimumVisualStudioVersion = 10.0.40219.1
Project("{FAE04EC0-301F-11D3-BF4B-00C04F79EFBC}") = "TeslaCAN", "TeslaCAN\TeslaCAN.csproj", "{02166CEC-260A-4C37-9FB8-BF78DB498081}"
EndProject
Project("{2150E333-8FDC-42A3-9474-1A3956D46DE8}") = "Mono.BlueZ", "Mono.BlueZ", "{2316E9C2-0189-4AA5-8FE8-A25A7AE4A1CF}"
EndProject
Project("{FAE04EC0-301F-11D3-BF4B-00C04F79EFBC}") = "dbus-sharp", "Mono.BlueZ\dbus-sharp\src\dbus-sharp.csproj", "{09A0200F-F3AF-4BD6-9EC4-E7D80D273E4C}"
EndProject
Project("{FAE04EC0-301F-11D3-BF4B-00C04F79EFBC}") = "Mono.BlueZ", "Mono.BlueZ\Mono.BlueZ\Mono.BlueZ.csproj", "{204FAAAD-B023-4C0A-875D-BFCBEE8E58B8}"
EndProject
Project("{FAE04EC0-301F-11D3-BF4B-00C04F79EFBC}") = "Mono.BlueZ.DBus", "Mono.BlueZ\Mono.BlueZ.DBus\Mono.BlueZ.DBus.csproj", "{68E6EB3B-4076-48F6-9EB6-1181057C0977}"
EndProject
Project("{FAE04EC0-301F-11D3-BF4B-00C04F79EFBC}") = "TeslaCANTests", "TeslaCANTests\TeslaCANTests.csproj", "{F3794E8D-8387-4B63-B0EE-14F6B0DDA4CF}"
EndProject
Project("{FAE04EC0-301F-11D3-BF4B-00C04F79EFBC}") = "DbcParser", "DbcParser\DbcParser.csproj", "{CC6C5EC9-520F-4710-BA42-D9736D1AAEA0}"
EndProject
Global
	GlobalSection(SolutionConfigurationPlatforms) = preSolution
		Debug|Any CPU = Debug|Any CPU
		Release|Any CPU = Release|Any CPU
	EndGlobalSection
	GlobalSection(ProjectConfigurationPlatforms) = postSolution
		{02166CEC-260A-4C37-9FB8-BF78DB498081}.Debug|Any CPU.ActiveCfg = Debug|Any CPU
		{02166CEC-260A-4C37-9FB8-BF78DB498081}.Debug|Any CPU.Build.0 = Debug|Any CPU
		{02166CEC-260A-4C37-9FB8-BF78DB498081}.Release|Any CPU.ActiveCfg = Release|Any CPU
		{02166CEC-260A-4C37-9FB8-BF78DB498081}.Release|Any CPU.Build.0 = Release|Any CPU
		{09A0200F-F3AF-4BD6-9EC4-E7D80D273E4C}.Debug|Any CPU.ActiveCfg = Debug|Any CPU
		{09A0200F-F3AF-4BD6-9EC4-E7D80D273E4C}.Debug|Any CPU.Build.0 = Debug|Any CPU
		{09A0200F-F3AF-4BD6-9EC4-E7D80D273E4C}.Release|Any CPU.ActiveCfg = Release|Any CPU
		{09A0200F-F3AF-4BD6-9EC4-E7D80D273E4C}.Release|Any CPU.Build.0 = Release|Any CPU
		{204FAAAD-B023-4C0A-875D-BFCBEE8E58B8}.Debug|Any CPU.ActiveCfg = Debug|Any CPU
		{204FAAAD-B023-4C0A-875D-BFCBEE8E58B8}.Debug|Any CPU.Build.0 = Debug|Any CPU
		{204FAAAD-B023-4C0A-875D-BFCBEE8E58B8}.Release|Any CPU.ActiveCfg = Release|Any CPU
		{204FAAAD-B023-4C0A-875D-BFCBEE8E58B8}.Release|Any CPU.Build.0 = Release|Any CPU
		{68E6EB3B-4076-48F6-9EB6-1181057C0977}.Debug|Any CPU.ActiveCfg = Debug|Any CPU
		{68E6EB3B-4076-48F6-9EB6-1181057C0977}.Debug|Any CPU.Build.0 = Debug|Any CPU
		{68E6EB3B-4076-48F6-9EB6-1181057C0977}.Release|Any CPU.ActiveCfg = Release|Any CPU
		{68E6EB3B-4076-48F6-9EB6-1181057C0977}.Release|Any CPU.Build.0 = Release|Any CPU
		{F3794E8D-8387-4B63-B0EE-14F6B0DDA4CF}.Debug|Any CPU.ActiveCfg = Debug|Any CPU
		{F3794E8D-8387-4B63-B0EE-14F6B0DDA4CF}.Debug|Any CPU.Build.0 = Debug|Any CPU
		{F3794E8D-8387-4B63-B0EE-14F6B0DDA4CF}.Release|Any CPU.ActiveCfg = Release|Any CPU
		{F3794E8D-8387-4B63-B0EE-14F6B0DDA4CF}.Release|Any CPU.Build.0 = Release|Any CPU
		{CC6C5EC9-520F-4710-BA42-D9736D1AAEA0}.Debug|Any CPU.ActiveCfg = Debug|Any CPU
		{CC6C5EC9-520F-4710-BA42-D9736D1AAEA0}.Debug|Any CPU.Build.0 = Debug|Any CPU
		{CC6C5EC9-520F-4710-BA42-D9736D1AAEA0}.Release|Any CPU.ActiveCfg = Release|Any CPU
		{CC6C5EC9-520F-4710-BA42-D9736D1AAEA0}.Release|Any CPU.Build.0 = Release|Any CPU
	EndGlobalSection
	GlobalSection(SolutionProperties) = preSolution
		HideSolutionNode = FALSE
	EndGlobalSection
	GlobalSection(NestedProjects) = preSolution
		{09A0200F-F3AF-4BD6-9EC4-E7D80D273E4C} = {2316E9C2-0189-4AA5-8FE8-A25A7AE4A1CF}
		{204FAAAD-B023-4C0A-875D-BFCBEE8E58B8} = {2316E9C2-0189-4AA5-8FE8-A25A7AE4A1CF}
		{68E6EB3B-4076-48F6-9EB6-1181057C0977} = {2316E9C2-0189-4AA5-8FE8-A25A7AE4A1CF}
	EndGlobalSection
	GlobalSection(ExtensibilityGlobals) = postSolution
		SolutionGuid = {8FDD20F0-8018-4704-AC74-F680FA5EE9D2}
	EndGlobalSection
EndGlobal
